
Microsoft Visual Studio Solution File, Format Version 12.00
# Visual Studio Version 17
VisualStudioVersion = 17.10.35027.167
MinimumVisualStudioVersion = 10.0.40219.1
Project("{FAE04EC0-301F-11D3-BF4B-00C04F79EFBC}") = "FigurasGeometricas", "FigurasGeometricas\FigurasGeometricas.csproj", "{198BEA96-A612-44BF-8AEC-75EBEE0EB0AB}"
EndProject
Project("{FAE04EC0-301F-11D3-BF4B-00C04F79EFBC}") = "Frontend", "Frontend\Frontend.csproj", "{BF65F381-3F45-4724-A6AE-3D1D006D8A7C}"
EndProject
Project("{FAE04EC0-301F-11D3-BF4B-00C04F79EFBC}") = "Backend", "Backend\Backend.csproj", "{17459191-A0B1-481C-BAFD-E5E6230B0C7E}"
EndProject
Global
	GlobalSection(SolutionConfigurationPlatforms) = preSolution
		Debug|Any CPU = Debug|Any CPU
		Release|Any CPU = Release|Any CPU
	EndGlobalSection
	GlobalSection(ProjectConfigurationPlatforms) = postSolution
		{198BEA96-A612-44BF-8AEC-75EBEE0EB0AB}.Debug|Any CPU.ActiveCfg = Debug|Any CPU
		{198BEA96-A612-44BF-8AEC-75EBEE0EB0AB}.Debug|Any CPU.Build.0 = Debug|Any CPU
		{198BEA96-A612-44BF-8AEC-75EBEE0EB0AB}.Release|Any CPU.ActiveCfg = Release|Any CPU
		{198BEA96-A612-44BF-8AEC-75EBEE0EB0AB}.Release|Any CPU.Build.0 = Release|Any CPU
		{BF65F381-3F45-4724-A6AE-3D1D006D8A7C}.Debug|Any CPU.ActiveCfg = Debug|Any CPU
		{BF65F381-3F45-4724-A6AE-3D1D006D8A7C}.Debug|Any CPU.Build.0 = Debug|Any CPU
		{BF65F381-3F45-4724-A6AE-3D1D006D8A7C}.Release|Any CPU.ActiveCfg = Release|Any CPU
		{BF65F381-3F45-4724-A6AE-3D1D006D8A7C}.Release|Any CPU.Build.0 = Release|Any CPU
		{17459191-A0B1-481C-BAFD-E5E6230B0C7E}.Debug|Any CPU.ActiveCfg = Debug|Any CPU
		{17459191-A0B1-481C-BAFD-E5E6230B0C7E}.Debug|Any CPU.Build.0 = Debug|Any CPU
		{17459191-A0B1-481C-BAFD-E5E6230B0C7E}.Release|Any CPU.ActiveCfg = Release|Any CPU
		{17459191-A0B1-481C-BAFD-E5E6230B0C7E}.Release|Any CPU.Build.0 = Release|Any CPU
	EndGlobalSection
	GlobalSection(SolutionProperties) = preSolution
		HideSolutionNode = FALSE
	EndGlobalSection
	GlobalSection(ExtensibilityGlobals) = postSolution
		SolutionGuid = {1272D80C-8E10-4B28-AFE1-E7A140D103E8}
	EndGlobalSection
EndGlobal
